
Microsoft Visual Studio Solution File, Format Version 12.00
# Visual Studio 15
VisualStudioVersion = 15.0.26730.15
MinimumVisualStudioVersion = 10.0.40219.1
Project("{2150E333-8FDC-42A3-9474-1A3956D46DE8}") = "src", "src", "{220CDDE3-97D5-4349-8C15-CF53B4AF1C54}"
EndProject
Project("{2150E333-8FDC-42A3-9474-1A3956D46DE8}") = "Solution Items", "Solution Items", "{6B04F3A1-EE5F-411D-B277-085705C26C03}"
EndProject
Project("{2150E333-8FDC-42A3-9474-1A3956D46DE8}") = "InstagramApi", "InstagramApi", "{CC2A9AB1-BDD1-4A3D-A3DB-E75070A33C88}"
EndProject
Project("{2150E333-8FDC-42A3-9474-1A3956D46DE8}") = "Database", "Database", "{E29047AD-0FDB-4627-AC77-CA3C2031F542}"
EndProject
Project("{2150E333-8FDC-42A3-9474-1A3956D46DE8}") = "Business", "Business", "{B73119AA-CAE4-4E26-BC67-45DED8B61227}"
EndProject
Project("{2150E333-8FDC-42A3-9474-1A3956D46DE8}") = "Clients", "Clients", "{25C755A6-B5F1-4441-8A33-3621EC5B4ED5}"
EndProject
Project("{9A19103F-16F7-4668-BE54-9A1E7A4F7556}") = "InstagramTools.Api", "src\InstagramTools.Api\InstagramTools.Api.csproj", "{A8D7B740-E3B3-4AB0-933A-C32AF70639DC}"
EndProject
Project("{9A19103F-16F7-4668-BE54-9A1E7A4F7556}") = "InstagramTools.ConsoleClient", "src\InstagramTools.ConsoleClient\InstagramTools.ConsoleClient.csproj", "{D6009ABE-5A71-47A2-9C07-4CEDDAC91FB3}"
EndProject
Project("{9A19103F-16F7-4668-BE54-9A1E7A4F7556}") = "InstagramTools.Common", "src\InstagramTools.Common\InstagramTools.Common.csproj", "{B37C55E4-5B86-4543-BA97-04B7B074E036}"
EndProject
Project("{9A19103F-16F7-4668-BE54-9A1E7A4F7556}") = "InstagramTools.Api.Common", "src\InstagramTools.Api.Common\InstagramTools.Api.Common.csproj", "{A30FE27F-43A2-43F5-BF58-238A39429E2D}"
EndProject
Project("{9A19103F-16F7-4668-BE54-9A1E7A4F7556}") = "InstagramTools.Data", "src\InstagramTools.Data\InstagramTools.Data.csproj", "{C9F83C70-C1F7-4652-9E18-F5959CB92321}"
EndProject
Project("{9A19103F-16F7-4668-BE54-9A1E7A4F7556}") = "InstagramTools.Data.Models", "src\InstagramTools.Data.Models\InstagramTools.Data.Models.csproj", "{190C66BF-E93E-4992-9D16-A7DBB4897CA2}"
EndProject
Project("{9A19103F-16F7-4668-BE54-9A1E7A4F7556}") = "InstagramTools.Core.Models", "src\InstagramTools.Core.Models\InstagramTools.Core.Models.csproj", "{2D47412C-C975-4F8F-B9B1-76AC92EFBDE3}"
EndProject
Project("{9A19103F-16F7-4668-BE54-9A1E7A4F7556}") = "InstagramTools.Core.Interfaces", "src\InstagramTools.Core.Interfaces\InstagramTools.Core.Interfaces.csproj", "{AF34916C-C941-4EA0-BD75-4E4A2C565868}"
EndProject
Project("{9A19103F-16F7-4668-BE54-9A1E7A4F7556}") = "InstagramTools.Core.Implemenations", "src\InstagramTools.Core.Implemenations\InstagramTools.Core.Implemenations.csproj", "{D65FD45D-D4E9-4616-B049-A827292CFC02}"
EndProject
Project("{9A19103F-16F7-4668-BE54-9A1E7A4F7556}") = "InstagramTools.WebApi", "src\InstagramTools.WebApi\InstagramTools.WebApi.csproj", "{EBB53293-8A06-4909-BF6D-39790FEA8988}"
EndProject
Project("{FAE04EC0-301F-11D3-BF4B-00C04F79EFBC}") = "InstagramTools.ApiClient", "InstagramTools.ApiClient\InstagramTools.ApiClient.csproj", "{B148F3CB-E51A-4EBE-B98B-2576838C442E}"
EndProject
Global
	GlobalSection(SolutionConfigurationPlatforms) = preSolution
		Debug|Any CPU = Debug|Any CPU
		Release|Any CPU = Release|Any CPU
	EndGlobalSection
	GlobalSection(ProjectConfigurationPlatforms) = postSolution
		{A8D7B740-E3B3-4AB0-933A-C32AF70639DC}.Debug|Any CPU.ActiveCfg = Debug|Any CPU
		{A8D7B740-E3B3-4AB0-933A-C32AF70639DC}.Debug|Any CPU.Build.0 = Debug|Any CPU
		{A8D7B740-E3B3-4AB0-933A-C32AF70639DC}.Release|Any CPU.ActiveCfg = Release|Any CPU
		{A8D7B740-E3B3-4AB0-933A-C32AF70639DC}.Release|Any CPU.Build.0 = Release|Any CPU
		{D6009ABE-5A71-47A2-9C07-4CEDDAC91FB3}.Debug|Any CPU.ActiveCfg = Debug|Any CPU
		{D6009ABE-5A71-47A2-9C07-4CEDDAC91FB3}.Debug|Any CPU.Build.0 = Debug|Any CPU
		{D6009ABE-5A71-47A2-9C07-4CEDDAC91FB3}.Release|Any CPU.ActiveCfg = Release|Any CPU
		{D6009ABE-5A71-47A2-9C07-4CEDDAC91FB3}.Release|Any CPU.Build.0 = Release|Any CPU
		{B37C55E4-5B86-4543-BA97-04B7B074E036}.Debug|Any CPU.ActiveCfg = Debug|Any CPU
		{B37C55E4-5B86-4543-BA97-04B7B074E036}.Debug|Any CPU.Build.0 = Debug|Any CPU
		{B37C55E4-5B86-4543-BA97-04B7B074E036}.Release|Any CPU.ActiveCfg = Release|Any CPU
		{B37C55E4-5B86-4543-BA97-04B7B074E036}.Release|Any CPU.Build.0 = Release|Any CPU
		{A30FE27F-43A2-43F5-BF58-238A39429E2D}.Debug|Any CPU.ActiveCfg = Debug|Any CPU
		{A30FE27F-43A2-43F5-BF58-238A39429E2D}.Debug|Any CPU.Build.0 = Debug|Any CPU
		{A30FE27F-43A2-43F5-BF58-238A39429E2D}.Release|Any CPU.ActiveCfg = Release|Any CPU
		{A30FE27F-43A2-43F5-BF58-238A39429E2D}.Release|Any CPU.Build.0 = Release|Any CPU
		{C9F83C70-C1F7-4652-9E18-F5959CB92321}.Debug|Any CPU.ActiveCfg = Debug|Any CPU
		{C9F83C70-C1F7-4652-9E18-F5959CB92321}.Debug|Any CPU.Build.0 = Debug|Any CPU
		{C9F83C70-C1F7-4652-9E18-F5959CB92321}.Release|Any CPU.ActiveCfg = Release|Any CPU
		{C9F83C70-C1F7-4652-9E18-F5959CB92321}.Release|Any CPU.Build.0 = Release|Any CPU
		{190C66BF-E93E-4992-9D16-A7DBB4897CA2}.Debug|Any CPU.ActiveCfg = Debug|Any CPU
		{190C66BF-E93E-4992-9D16-A7DBB4897CA2}.Debug|Any CPU.Build.0 = Debug|Any CPU
		{190C66BF-E93E-4992-9D16-A7DBB4897CA2}.Release|Any CPU.ActiveCfg = Release|Any CPU
		{190C66BF-E93E-4992-9D16-A7DBB4897CA2}.Release|Any CPU.Build.0 = Release|Any CPU
		{2D47412C-C975-4F8F-B9B1-76AC92EFBDE3}.Debug|Any CPU.ActiveCfg = Debug|Any CPU
		{2D47412C-C975-4F8F-B9B1-76AC92EFBDE3}.Debug|Any CPU.Build.0 = Debug|Any CPU
		{2D47412C-C975-4F8F-B9B1-76AC92EFBDE3}.Release|Any CPU.ActiveCfg = Release|Any CPU
		{2D47412C-C975-4F8F-B9B1-76AC92EFBDE3}.Release|Any CPU.Build.0 = Release|Any CPU
		{AF34916C-C941-4EA0-BD75-4E4A2C565868}.Debug|Any CPU.ActiveCfg = Debug|Any CPU
		{AF34916C-C941-4EA0-BD75-4E4A2C565868}.Debug|Any CPU.Build.0 = Debug|Any CPU
		{AF34916C-C941-4EA0-BD75-4E4A2C565868}.Release|Any CPU.ActiveCfg = Release|Any CPU
		{AF34916C-C941-4EA0-BD75-4E4A2C565868}.Release|Any CPU.Build.0 = Release|Any CPU
		{D65FD45D-D4E9-4616-B049-A827292CFC02}.Debug|Any CPU.ActiveCfg = Debug|Any CPU
		{D65FD45D-D4E9-4616-B049-A827292CFC02}.Debug|Any CPU.Build.0 = Debug|Any CPU
		{D65FD45D-D4E9-4616-B049-A827292CFC02}.Release|Any CPU.ActiveCfg = Release|Any CPU
		{D65FD45D-D4E9-4616-B049-A827292CFC02}.Release|Any CPU.Build.0 = Release|Any CPU
		{EBB53293-8A06-4909-BF6D-39790FEA8988}.Debug|Any CPU.ActiveCfg = Debug|Any CPU
		{EBB53293-8A06-4909-BF6D-39790FEA8988}.Debug|Any CPU.Build.0 = Debug|Any CPU
		{EBB53293-8A06-4909-BF6D-39790FEA8988}.Release|Any CPU.ActiveCfg = Release|Any CPU
		{EBB53293-8A06-4909-BF6D-39790FEA8988}.Release|Any CPU.Build.0 = Release|Any CPU
		{B148F3CB-E51A-4EBE-B98B-2576838C442E}.Debug|Any CPU.ActiveCfg = Debug|Any CPU
		{B148F3CB-E51A-4EBE-B98B-2576838C442E}.Debug|Any CPU.Build.0 = Debug|Any CPU
		{B148F3CB-E51A-4EBE-B98B-2576838C442E}.Release|Any CPU.ActiveCfg = Release|Any CPU
		{B148F3CB-E51A-4EBE-B98B-2576838C442E}.Release|Any CPU.Build.0 = Release|Any CPU
	EndGlobalSection
	GlobalSection(SolutionProperties) = preSolution
		HideSolutionNode = FALSE
	EndGlobalSection
	GlobalSection(NestedProjects) = preSolution
		{CC2A9AB1-BDD1-4A3D-A3DB-E75070A33C88} = {220CDDE3-97D5-4349-8C15-CF53B4AF1C54}
		{E29047AD-0FDB-4627-AC77-CA3C2031F542} = {220CDDE3-97D5-4349-8C15-CF53B4AF1C54}
		{B73119AA-CAE4-4E26-BC67-45DED8B61227} = {220CDDE3-97D5-4349-8C15-CF53B4AF1C54}
		{25C755A6-B5F1-4441-8A33-3621EC5B4ED5} = {220CDDE3-97D5-4349-8C15-CF53B4AF1C54}
		{A8D7B740-E3B3-4AB0-933A-C32AF70639DC} = {CC2A9AB1-BDD1-4A3D-A3DB-E75070A33C88}
		{D6009ABE-5A71-47A2-9C07-4CEDDAC91FB3} = {25C755A6-B5F1-4441-8A33-3621EC5B4ED5}
		{B37C55E4-5B86-4543-BA97-04B7B074E036} = {220CDDE3-97D5-4349-8C15-CF53B4AF1C54}
		{A30FE27F-43A2-43F5-BF58-238A39429E2D} = {CC2A9AB1-BDD1-4A3D-A3DB-E75070A33C88}
		{C9F83C70-C1F7-4652-9E18-F5959CB92321} = {E29047AD-0FDB-4627-AC77-CA3C2031F542}
		{190C66BF-E93E-4992-9D16-A7DBB4897CA2} = {E29047AD-0FDB-4627-AC77-CA3C2031F542}
		{2D47412C-C975-4F8F-B9B1-76AC92EFBDE3} = {B73119AA-CAE4-4E26-BC67-45DED8B61227}
		{AF34916C-C941-4EA0-BD75-4E4A2C565868} = {B73119AA-CAE4-4E26-BC67-45DED8B61227}
		{D65FD45D-D4E9-4616-B049-A827292CFC02} = {B73119AA-CAE4-4E26-BC67-45DED8B61227}
		{EBB53293-8A06-4909-BF6D-39790FEA8988} = {25C755A6-B5F1-4441-8A33-3621EC5B4ED5}
		{B148F3CB-E51A-4EBE-B98B-2576838C442E} = {25C755A6-B5F1-4441-8A33-3621EC5B4ED5}
	EndGlobalSection
	GlobalSection(ExtensibilityGlobals) = postSolution
		SolutionGuid = {EE575C5E-C2D4-490A-B77D-953A63217850}
	EndGlobalSection
EndGlobal
